
Microsoft Visual Studio Solution File, Format Version 12.00
# Visual Studio Version 16
VisualStudioVersion = 16.0.30907.101
MinimumVisualStudioVersion = 10.0.40219.1
Project("{FAE04EC0-301F-11D3-BF4B-00C04F79EFBC}") = "personnummer", "personnummer.csproj", "{B62144AE-5A29-4922-81BD-4D80EAB5C661}"
EndProject
Global
	GlobalSection(SolutionConfigurationPlatforms) = preSolution
		Debug|Any CPU = Debug|Any CPU
		Release|Any CPU = Release|Any CPU
	EndGlobalSection
	GlobalSection(ProjectConfigurationPlatforms) = postSolution
		{B62144AE-5A29-4922-81BD-4D80EAB5C661}.Debug|Any CPU.ActiveCfg = Debug|Any CPU
		{B62144AE-5A29-4922-81BD-4D80EAB5C661}.Debug|Any CPU.Build.0 = Debug|Any CPU
		{B62144AE-5A29-4922-81BD-4D80EAB5C661}.Release|Any CPU.ActiveCfg = Release|Any CPU
		{B62144AE-5A29-4922-81BD-4D80EAB5C661}.Release|Any CPU.Build.0 = Release|Any CPU
	EndGlobalSection
	GlobalSection(SolutionProperties) = preSolution
		HideSolutionNode = FALSE
	EndGlobalSection
	GlobalSection(ExtensibilityGlobals) = postSolution
		SolutionGuid = {B36DD3AF-6F62-4A25-9A4F-D14F20F307D8}
	EndGlobalSection
EndGlobal
