
Microsoft Visual Studio Solution File, Format Version 12.00
# Visual Studio Version 16
VisualStudioVersion = 16.0.30907.101
MinimumVisualStudioVersion = 10.0.40219.1
Project("{FAE04EC0-301F-11D3-BF4B-00C04F79EFBC}") = "Kassa", "Kassa.csproj", "{3CD4A8F7-3AB2-414A-BBDA-D7764D0D2726}"
EndProject
Global
	GlobalSection(SolutionConfigurationPlatforms) = preSolution
		Debug|Any CPU = Debug|Any CPU
		Release|Any CPU = Release|Any CPU
	EndGlobalSection
	GlobalSection(ProjectConfigurationPlatforms) = postSolution
		{3CD4A8F7-3AB2-414A-BBDA-D7764D0D2726}.Debug|Any CPU.ActiveCfg = Debug|Any CPU
		{3CD4A8F7-3AB2-414A-BBDA-D7764D0D2726}.Debug|Any CPU.Build.0 = Debug|Any CPU
		{3CD4A8F7-3AB2-414A-BBDA-D7764D0D2726}.Release|Any CPU.ActiveCfg = Release|Any CPU
		{3CD4A8F7-3AB2-414A-BBDA-D7764D0D2726}.Release|Any CPU.Build.0 = Release|Any CPU
	EndGlobalSection
	GlobalSection(SolutionProperties) = preSolution
		HideSolutionNode = FALSE
	EndGlobalSection
	GlobalSection(ExtensibilityGlobals) = postSolution
		SolutionGuid = {44E9D304-673F-4DD7-AD2C-94BD45B7A9D9}
	EndGlobalSection
EndGlobal
